
Microsoft Visual Studio Solution File, Format Version 12.00
# Visual Studio Version 17
VisualStudioVersion = 17.14.36811.4
MinimumVisualStudioVersion = 10.0.40219.1
Project("{FAE04EC0-301F-11D3-BF4B-00C04F79EFBC}") = "NaturalNameSort", "NaturalBlockSorting\NaturalNameSort.csproj", "{82790586-A4E5-4819-A4F3-D68FEE6CD5D6}"
EndProject
Global
	GlobalSection(SolutionConfigurationPlatforms) = preSolution
		Debug|Any CPU = Debug|Any CPU
		Release|Any CPU = Release|Any CPU
	EndGlobalSection
	GlobalSection(ProjectConfigurationPlatforms) = postSolution
		{82790586-A4E5-4819-A4F3-D68FEE6CD5D6}.Debug|Any CPU.ActiveCfg = Debug|Any CPU
		{82790586-A4E5-4819-A4F3-D68FEE6CD5D6}.Debug|Any CPU.Build.0 = Debug|Any CPU
		{82790586-A4E5-4819-A4F3-D68FEE6CD5D6}.Release|Any CPU.ActiveCfg = Release|Any CPU
		{82790586-A4E5-4819-A4F3-D68FEE6CD5D6}.Release|Any CPU.Build.0 = Release|Any CPU
	EndGlobalSection
	GlobalSection(SolutionProperties) = preSolution
		HideSolutionNode = FALSE
	EndGlobalSection
	GlobalSection(ExtensibilityGlobals) = postSolution
		SolutionGuid = {81DE89EE-0F77-4A57-94A4-E3076551A10A}
	EndGlobalSection
EndGlobal
